
Microsoft Visual Studio Solution File, Format Version 12.00
# Visual Studio Version 16
VisualStudioVersion = 16.0.29709.97
MinimumVisualStudioVersion = 10.0.40219.1
Project("{FAE04EC0-301F-11D3-BF4B-00C04F79EFBC}") = "09_10_2020_pr_06", "09_10_2020_pr_06.csproj", "{2D0CA2B1-A8EA-4A0B-82A6-C93D06E896AA}"
EndProject
Global
	GlobalSection(SolutionConfigurationPlatforms) = preSolution
		Debug|Any CPU = Debug|Any CPU
		Release|Any CPU = Release|Any CPU
	EndGlobalSection
	GlobalSection(ProjectConfigurationPlatforms) = postSolution
		{2D0CA2B1-A8EA-4A0B-82A6-C93D06E896AA}.Debug|Any CPU.ActiveCfg = Debug|Any CPU
		{2D0CA2B1-A8EA-4A0B-82A6-C93D06E896AA}.Debug|Any CPU.Build.0 = Debug|Any CPU
		{2D0CA2B1-A8EA-4A0B-82A6-C93D06E896AA}.Release|Any CPU.ActiveCfg = Release|Any CPU
		{2D0CA2B1-A8EA-4A0B-82A6-C93D06E896AA}.Release|Any CPU.Build.0 = Release|Any CPU
	EndGlobalSection
	GlobalSection(SolutionProperties) = preSolution
		HideSolutionNode = FALSE
	EndGlobalSection
	GlobalSection(ExtensibilityGlobals) = postSolution
		SolutionGuid = {EED960B3-8563-40A6-A60F-62053D19BA6B}
	EndGlobalSection
EndGlobal
